
Microsoft Visual Studio Solution File, Format Version 12.00
# Visual Studio Version 16
VisualStudioVersion = 16.0.30320.27
MinimumVisualStudioVersion = 10.0.40219.1
Project("{FAE04EC0-301F-11D3-BF4B-00C04F79EFBC}") = "UC10", "UC10\UC10.csproj", "{70F9D1AF-E70C-49C8-8B77-A22A487DC46F}"
EndProject
Global
	GlobalSection(SolutionConfigurationPlatforms) = preSolution
		Debug|Any CPU = Debug|Any CPU
		Release|Any CPU = Release|Any CPU
	EndGlobalSection
	GlobalSection(ProjectConfigurationPlatforms) = postSolution
		{70F9D1AF-E70C-49C8-8B77-A22A487DC46F}.Debug|Any CPU.ActiveCfg = Debug|Any CPU
		{70F9D1AF-E70C-49C8-8B77-A22A487DC46F}.Debug|Any CPU.Build.0 = Debug|Any CPU
		{70F9D1AF-E70C-49C8-8B77-A22A487DC46F}.Release|Any CPU.ActiveCfg = Release|Any CPU
		{70F9D1AF-E70C-49C8-8B77-A22A487DC46F}.Release|Any CPU.Build.0 = Release|Any CPU
	EndGlobalSection
	GlobalSection(SolutionProperties) = preSolution
		HideSolutionNode = FALSE
	EndGlobalSection
	GlobalSection(ExtensibilityGlobals) = postSolution
		SolutionGuid = {97F4CFF0-ACC6-4F77-AB27-40CC37A6D7D5}
	EndGlobalSection
EndGlobal
