
Microsoft Visual Studio Solution File, Format Version 12.00
# Visual Studio Version 16
VisualStudioVersion = 16.0.30320.27
MinimumVisualStudioVersion = 10.0.40219.1
Project("{FAE04EC0-301F-11D3-BF4B-00C04F79EFBC}") = "UC5", "UC5\UC5.csproj", "{D3EDC2C8-03E6-45D9-AE20-8F9DFDF07AE8}"
EndProject
Global
	GlobalSection(SolutionConfigurationPlatforms) = preSolution
		Debug|Any CPU = Debug|Any CPU
		Release|Any CPU = Release|Any CPU
	EndGlobalSection
	GlobalSection(ProjectConfigurationPlatforms) = postSolution
		{D3EDC2C8-03E6-45D9-AE20-8F9DFDF07AE8}.Debug|Any CPU.ActiveCfg = Debug|Any CPU
		{D3EDC2C8-03E6-45D9-AE20-8F9DFDF07AE8}.Debug|Any CPU.Build.0 = Debug|Any CPU
		{D3EDC2C8-03E6-45D9-AE20-8F9DFDF07AE8}.Release|Any CPU.ActiveCfg = Release|Any CPU
		{D3EDC2C8-03E6-45D9-AE20-8F9DFDF07AE8}.Release|Any CPU.Build.0 = Release|Any CPU
	EndGlobalSection
	GlobalSection(SolutionProperties) = preSolution
		HideSolutionNode = FALSE
	EndGlobalSection
	GlobalSection(ExtensibilityGlobals) = postSolution
		SolutionGuid = {1C40924F-3B5A-476F-8101-0A06BAFB004A}
	EndGlobalSection
EndGlobal
