
Microsoft Visual Studio Solution File, Format Version 12.00
# Visual Studio Version 16
VisualStudioVersion = 16.0.30320.27
MinimumVisualStudioVersion = 10.0.40219.1
Project("{FAE04EC0-301F-11D3-BF4B-00C04F79EFBC}") = "UC6", "UC6\UC6.csproj", "{7F5B5850-D542-4343-A38C-C336DA5A400A}"
EndProject
Global
	GlobalSection(SolutionConfigurationPlatforms) = preSolution
		Debug|Any CPU = Debug|Any CPU
		Release|Any CPU = Release|Any CPU
	EndGlobalSection
	GlobalSection(ProjectConfigurationPlatforms) = postSolution
		{7F5B5850-D542-4343-A38C-C336DA5A400A}.Debug|Any CPU.ActiveCfg = Debug|Any CPU
		{7F5B5850-D542-4343-A38C-C336DA5A400A}.Debug|Any CPU.Build.0 = Debug|Any CPU
		{7F5B5850-D542-4343-A38C-C336DA5A400A}.Release|Any CPU.ActiveCfg = Release|Any CPU
		{7F5B5850-D542-4343-A38C-C336DA5A400A}.Release|Any CPU.Build.0 = Release|Any CPU
	EndGlobalSection
	GlobalSection(SolutionProperties) = preSolution
		HideSolutionNode = FALSE
	EndGlobalSection
	GlobalSection(ExtensibilityGlobals) = postSolution
		SolutionGuid = {48227792-8E2B-4AC8-8EB7-54A065D49509}
	EndGlobalSection
EndGlobal
