
Microsoft Visual Studio Solution File, Format Version 12.00
# Visual Studio Version 16
VisualStudioVersion = 16.0.30320.27
MinimumVisualStudioVersion = 10.0.40219.1
Project("{FAE04EC0-301F-11D3-BF4B-00C04F79EFBC}") = "UC8", "UC8\UC8.csproj", "{4D821CE3-7957-40A8-8119-1CD6BFB6C17A}"
EndProject
Global
	GlobalSection(SolutionConfigurationPlatforms) = preSolution
		Debug|Any CPU = Debug|Any CPU
		Release|Any CPU = Release|Any CPU
	EndGlobalSection
	GlobalSection(ProjectConfigurationPlatforms) = postSolution
		{4D821CE3-7957-40A8-8119-1CD6BFB6C17A}.Debug|Any CPU.ActiveCfg = Debug|Any CPU
		{4D821CE3-7957-40A8-8119-1CD6BFB6C17A}.Debug|Any CPU.Build.0 = Debug|Any CPU
		{4D821CE3-7957-40A8-8119-1CD6BFB6C17A}.Release|Any CPU.ActiveCfg = Release|Any CPU
		{4D821CE3-7957-40A8-8119-1CD6BFB6C17A}.Release|Any CPU.Build.0 = Release|Any CPU
	EndGlobalSection
	GlobalSection(SolutionProperties) = preSolution
		HideSolutionNode = FALSE
	EndGlobalSection
	GlobalSection(ExtensibilityGlobals) = postSolution
		SolutionGuid = {F8635DC3-7017-4CA9-BC25-AC7F133A3F43}
	EndGlobalSection
EndGlobal
